
Microsoft Visual Studio Solution File, Format Version 12.00
# Visual Studio Version 16
VisualStudioVersion = 25.0.1700.0
MinimumVisualStudioVersion = 10.0.40219.1
Project("{FAE04EC0-301F-11D3-BF4B-00C04F79EFBC}") = "MoviesAPI", "MoviesAPI\MoviesAPI.csproj", "{D31BF8BF-693E-4809-A248-9F0D2D1D76B5}"
EndProject
Global
	GlobalSection(SolutionConfigurationPlatforms) = preSolution
		Debug|Any CPU = Debug|Any CPU
		Release|Any CPU = Release|Any CPU
	EndGlobalSection
	GlobalSection(ProjectConfigurationPlatforms) = postSolution
		{D31BF8BF-693E-4809-A248-9F0D2D1D76B5}.Debug|Any CPU.ActiveCfg = Debug|Any CPU
		{D31BF8BF-693E-4809-A248-9F0D2D1D76B5}.Debug|Any CPU.Build.0 = Debug|Any CPU
		{D31BF8BF-693E-4809-A248-9F0D2D1D76B5}.Release|Any CPU.ActiveCfg = Release|Any CPU
		{D31BF8BF-693E-4809-A248-9F0D2D1D76B5}.Release|Any CPU.Build.0 = Release|Any CPU
	EndGlobalSection
	GlobalSection(SolutionProperties) = preSolution
		HideSolutionNode = FALSE
	EndGlobalSection
	GlobalSection(ExtensibilityGlobals) = postSolution
		SolutionGuid = {A53BD15B-847B-46AA-9ACF-F794CD4EBA22}
	EndGlobalSection
EndGlobal
